
Microsoft Visual Studio Solution File, Format Version 12.00
# Visual Studio Version 16
VisualStudioVersion = 16.0.29020.237
MinimumVisualStudioVersion = 10.0.40219.1
Project("{FAE04EC0-301F-11D3-BF4B-00C04F79EFBC}") = "EFExamples", "EFExamples\EFExamples.csproj", "{51FCC06F-03C3-4CA2-84AA-C61D2E6A7362}"
EndProject
Global
	GlobalSection(SolutionConfigurationPlatforms) = preSolution
		Debug|Any CPU = Debug|Any CPU
		Release|Any CPU = Release|Any CPU
	EndGlobalSection
	GlobalSection(ProjectConfigurationPlatforms) = postSolution
		{51FCC06F-03C3-4CA2-84AA-C61D2E6A7362}.Debug|Any CPU.ActiveCfg = Debug|Any CPU
		{51FCC06F-03C3-4CA2-84AA-C61D2E6A7362}.Debug|Any CPU.Build.0 = Debug|Any CPU
		{51FCC06F-03C3-4CA2-84AA-C61D2E6A7362}.Release|Any CPU.ActiveCfg = Release|Any CPU
		{51FCC06F-03C3-4CA2-84AA-C61D2E6A7362}.Release|Any CPU.Build.0 = Release|Any CPU
	EndGlobalSection
	GlobalSection(SolutionProperties) = preSolution
		HideSolutionNode = FALSE
	EndGlobalSection
	GlobalSection(ExtensibilityGlobals) = postSolution
		SolutionGuid = {387C76C0-876E-49BF-8820-72CA37716570}
	EndGlobalSection
EndGlobal
